
Microsoft Visual Studio Solution File, Format Version 12.00
# Visual Studio 15
Project("{FAE04EC0-301F-11D3-BF4B-00C04F79EFBC}") = "Assembly-CSharp", "Assembly-CSharp.csproj", "{D14AAD6E-1B71-B58D-4262-BD4D8A8C2491}"
EndProject
Global
	GlobalSection(SolutionConfigurationPlatforms) = preSolution
		Debug|Any CPU = Debug|Any CPU
		Release|Any CPU = Release|Any CPU
	EndGlobalSection
	GlobalSection(ProjectConfigurationPlatforms) = postSolution
		{D14AAD6E-1B71-B58D-4262-BD4D8A8C2491}.Debug|Any CPU.ActiveCfg = Debug|Any CPU
		{D14AAD6E-1B71-B58D-4262-BD4D8A8C2491}.Debug|Any CPU.Build.0 = Debug|Any CPU
		{D14AAD6E-1B71-B58D-4262-BD4D8A8C2491}.Release|Any CPU.ActiveCfg = Release|Any CPU
		{D14AAD6E-1B71-B58D-4262-BD4D8A8C2491}.Release|Any CPU.Build.0 = Release|Any CPU
	EndGlobalSection
	GlobalSection(SolutionProperties) = preSolution
		HideSolutionNode = FALSE
	EndGlobalSection
EndGlobal
